
Microsoft Visual Studio Solution File, Format Version 9.00
# Visual Studio 2005
Project("{FAE04EC0-301F-11D3-BF4B-00C04F79EFBC}") = "GotchaSlots.SMTP.ConsoleApp", "GotchaSlots.SMTP.ConsoleApp\GotchaSlots.SMTP.ConsoleApp.csproj", "{76AED5B0-B5E6-47A7-A42F-F18956EC5816}"
EndProject
Global
	GlobalSection(SolutionConfigurationPlatforms) = preSolution
		Debug|Any CPU = Debug|Any CPU
		Release|Any CPU = Release|Any CPU
	EndGlobalSection
	GlobalSection(ProjectConfigurationPlatforms) = postSolution
		{76AED5B0-B5E6-47A7-A42F-F18956EC5816}.Debug|Any CPU.ActiveCfg = Debug|Any CPU
		{76AED5B0-B5E6-47A7-A42F-F18956EC5816}.Debug|Any CPU.Build.0 = Debug|Any CPU
		{76AED5B0-B5E6-47A7-A42F-F18956EC5816}.Release|Any CPU.ActiveCfg = Release|Any CPU
		{76AED5B0-B5E6-47A7-A42F-F18956EC5816}.Release|Any CPU.Build.0 = Release|Any CPU
	EndGlobalSection
	GlobalSection(SolutionProperties) = preSolution
		HideSolutionNode = FALSE
	EndGlobalSection
EndGlobal
